
Microsoft Visual Studio Solution File, Format Version 12.00
# Visual Studio Version 16
VisualStudioVersion = 16.0.30104.148
MinimumVisualStudioVersion = 10.0.40219.1
Project("{FAE04EC0-301F-11D3-BF4B-00C04F79EFBC}") = "AndroidUsbSerialAssistant.Android", "AndroidUsbSerialAssistant\AndroidUsbSerialAssistant.Android\AndroidUsbSerialAssistant.Android.csproj", "{93C53D99-14BE-4CBE-B4ED-72DCB95EEBFD}"
EndProject
Project("{9A19103F-16F7-4668-BE54-9A1E7A4F7556}") = "AndroidUsbSerialAssistant", "AndroidUsbSerialAssistant\AndroidUsbSerialAssistant\AndroidUsbSerialAssistant.csproj", "{772D1F2E-CBA3-483B-BDB1-30838AE1BFAE}"
EndProject
Project("{9A19103F-16F7-4668-BE54-9A1E7A4F7556}") = "AndroidUsbSerialDriver", "AndroidUsbSerialAssistant\AndroidUsbSerialDriver\AndroidUsbSerialDriver.csproj", "{D53E1590-DCFD-4270-972F-59BBC18E532B}"
EndProject
Project("{FAE04EC0-301F-11D3-BF4B-00C04F79EFBC}") = "AndroidLocation", "AndroidLocation\AndroidLocation.csproj", "{A84D8978-C0DE-44EF-9BCB-05CF5D490000}"
EndProject
Global
	GlobalSection(SolutionConfigurationPlatforms) = preSolution
		Debug|Any CPU = Debug|Any CPU
		Release|Any CPU = Release|Any CPU
	EndGlobalSection
	GlobalSection(ProjectConfigurationPlatforms) = postSolution
		{93C53D99-14BE-4CBE-B4ED-72DCB95EEBFD}.Debug|Any CPU.ActiveCfg = Debug|Any CPU
		{93C53D99-14BE-4CBE-B4ED-72DCB95EEBFD}.Debug|Any CPU.Build.0 = Debug|Any CPU
		{93C53D99-14BE-4CBE-B4ED-72DCB95EEBFD}.Debug|Any CPU.Deploy.0 = Debug|Any CPU
		{93C53D99-14BE-4CBE-B4ED-72DCB95EEBFD}.Release|Any CPU.ActiveCfg = Release|Any CPU
		{93C53D99-14BE-4CBE-B4ED-72DCB95EEBFD}.Release|Any CPU.Build.0 = Release|Any CPU
		{93C53D99-14BE-4CBE-B4ED-72DCB95EEBFD}.Release|Any CPU.Deploy.0 = Release|Any CPU
		{772D1F2E-CBA3-483B-BDB1-30838AE1BFAE}.Debug|Any CPU.ActiveCfg = Debug|Any CPU
		{772D1F2E-CBA3-483B-BDB1-30838AE1BFAE}.Debug|Any CPU.Build.0 = Debug|Any CPU
		{772D1F2E-CBA3-483B-BDB1-30838AE1BFAE}.Debug|Any CPU.Deploy.0 = Debug|Any CPU
		{772D1F2E-CBA3-483B-BDB1-30838AE1BFAE}.Release|Any CPU.ActiveCfg = Release|Any CPU
		{772D1F2E-CBA3-483B-BDB1-30838AE1BFAE}.Release|Any CPU.Build.0 = Release|Any CPU
		{772D1F2E-CBA3-483B-BDB1-30838AE1BFAE}.Release|Any CPU.Deploy.0 = Release|Any CPU
		{D53E1590-DCFD-4270-972F-59BBC18E532B}.Debug|Any CPU.ActiveCfg = Debug|Any CPU
		{D53E1590-DCFD-4270-972F-59BBC18E532B}.Debug|Any CPU.Build.0 = Debug|Any CPU
		{D53E1590-DCFD-4270-972F-59BBC18E532B}.Release|Any CPU.ActiveCfg = Release|Any CPU
		{D53E1590-DCFD-4270-972F-59BBC18E532B}.Release|Any CPU.Build.0 = Release|Any CPU
		{A84D8978-C0DE-44EF-9BCB-05CF5D490000}.Debug|Any CPU.ActiveCfg = Debug|Any CPU
		{A84D8978-C0DE-44EF-9BCB-05CF5D490000}.Debug|Any CPU.Build.0 = Debug|Any CPU
		{A84D8978-C0DE-44EF-9BCB-05CF5D490000}.Release|Any CPU.ActiveCfg = Release|Any CPU
		{A84D8978-C0DE-44EF-9BCB-05CF5D490000}.Release|Any CPU.Build.0 = Release|Any CPU
	EndGlobalSection
	GlobalSection(SolutionProperties) = preSolution
		HideSolutionNode = FALSE
	EndGlobalSection
	GlobalSection(ExtensibilityGlobals) = postSolution
		SolutionGuid = {B0D97B87-3FDB-4BD0-9D57-11237D6DA63D}
	EndGlobalSection
EndGlobal
